
Microsoft Visual Studio Solution File, Format Version 12.00
# Visual Studio Version 17
VisualStudioVersion = 17.5.33502.453
MinimumVisualStudioVersion = 10.0.40219.1
Project("{FAE04EC0-301F-11D3-BF4B-00C04F79EFBC}") = "ProfessorPerformanceEvaluation", "ProfessorPerformanceEvaluation.csproj", "{E88E01DB-2586-4FED-846F-B82E84D07D77}"
EndProject
Global
	GlobalSection(SolutionConfigurationPlatforms) = preSolution
		Debug|Any CPU = Debug|Any CPU
		Release|Any CPU = Release|Any CPU
	EndGlobalSection
	GlobalSection(ProjectConfigurationPlatforms) = postSolution
		{E88E01DB-2586-4FED-846F-B82E84D07D77}.Debug|Any CPU.ActiveCfg = Debug|Any CPU
		{E88E01DB-2586-4FED-846F-B82E84D07D77}.Debug|Any CPU.Build.0 = Debug|Any CPU
		{E88E01DB-2586-4FED-846F-B82E84D07D77}.Release|Any CPU.ActiveCfg = Release|Any CPU
		{E88E01DB-2586-4FED-846F-B82E84D07D77}.Release|Any CPU.Build.0 = Release|Any CPU
	EndGlobalSection
	GlobalSection(SolutionProperties) = preSolution
		HideSolutionNode = FALSE
	EndGlobalSection
	GlobalSection(ExtensibilityGlobals) = postSolution
		SolutionGuid = {BB796F9A-9931-49C9-AD89-C2D1F0076C79}
	EndGlobalSection
EndGlobal
